<?xml version="1.0" encoding="utf-8"?>
<Project ToolsVersion="4.0" xmlns="http://schemas.microsoft.com/developer/msbuild/2003">
  <ItemGroup>
    <Filter Include="Source Files">
      <UniqueIdentifier>{4FC737F1-C7A5-4376-A066-2A32D752A2FF}</UniqueIdentifier>
      <Extensions>cpp;c;cc;cxx;def;odl;idl;hpj;bat;asm;asmx</Extensions>
    </Filter>
    <Filter Include="Header Files">
      <UniqueIdentifier>{93995380-89BD-4b04-88EB-625FBE52EBFB}</UniqueIdentifier>
      <Extensions>h;hh;hpp;hxx;hm;inl;inc;ipp;xsd</Extensions>
    </Filter>
    <Filter Include="Resource Files">
      <UniqueIdentifier>{67DA6AB6-F800-4c08-8B7A-83BB121AAD01}</UniqueIdentifier>
      <Extensions>rc;ico;cur;bmp;dlg;rc2;rct;bin;rgs;gif;jpg;jpeg;jpe;resx;tiff;tif;png;wav;mfcribbon-ms</Extensions>
    </Filter>
  </ItemGroup>
  <ItemGroup>
    <ClCompile Include="MyForm.cpp">
      <Filter>Header Files</Filter>
    </ClCompile>
    <ClCompile Include="Hand.cpp">
      <Filter>Source Files</Filter>
    </ClCompile>
    <ClCompile Include="Card.cpp">
      <Filter>Source Files</Filter>
    </ClCompile>
    <ClCompile Include="Deck.cpp">
      <Filter>Source Files</Filter>
    </ClCompile>
    <ClCompile Include="Game.cpp">
      <Filter>Source Files</Filter>
    </ClCompile>
    <ClCompile Include="Logger.cpp">
      <Filter>Source Files</Filter>
    </ClCompile>
  </ItemGroup>
  <ItemGroup>
    <ClInclude Include="MyForm.h">
      <Filter>Header Files</Filter>
    </ClInclude>
    <ClInclude Include="Hand.h">
      <Filter>Header Files</Filter>
    </ClInclude>
    <ClInclude Include="Game.h">
      <Filter>Header Files</Filter>
    </ClInclude>
    <ClInclude Include="Logger.h">
      <Filter>Header Files</Filter>
    </ClInclude>
    <ClInclude Include="Card.h">
      <Filter>Header Files</Filter>
    </ClInclude>
    <ClInclude Include="Deck.h">
      <Filter>Header Files</Filter>
    </ClInclude>
    <ClInclude Include="UtilityFunctions.h">
      <Filter>Header Files</Filter>
    </ClInclude>
  </ItemGroup>
  <ItemGroup>
    <None Include="ClassDiagram.cd" />
  </ItemGroup>
  <ItemGroup>
    <Image Include="Images\1.png">
      <Filter>Resource Files</Filter>
    </Image>
    <Image Include="Images\2.png">
      <Filter>Resource Files</Filter>
    </Image>
    <Image Include="Images\3.png">
      <Filter>Resource Files</Filter>
    </Image>
    <Image Include="Images\4.png">
      <Filter>Resource Files</Filter>
    </Image>
    <Image Include="Images\5.png">
      <Filter>Resource Files</Filter>
    </Image>
    <Image Include="Images\6.png">
      <Filter>Resource Files</Filter>
    </Image>
    <Image Include="Images\7.png">
      <Filter>Resource Files</Filter>
    </Image>
    <Image Include="Images\8.png">
      <Filter>Resource Files</Filter>
    </Image>
    <Image Include="Images\9.png">
      <Filter>Resource Files</Filter>
    </Image>
    <Image Include="Images\10.png">
      <Filter>Resource Files</Filter>
    </Image>
    <Image Include="Images\11.png">
      <Filter>Resource Files</Filter>
    </Image>
    <Image Include="Images\12.png">
      <Filter>Resource Files</Filter>
    </Image>
    <Image Include="Images\13.png">
      <Filter>Resource Files</Filter>
    </Image>
    <Image Include="Images\14.png">
      <Filter>Resource Files</Filter>
    </Image>
    <Image Include="Images\15.png">
      <Filter>Resource Files</Filter>
    </Image>
    <Image Include="Images\16.png">
      <Filter>Resource Files</Filter>
    </Image>
    <Image Include="Images\17.png">
      <Filter>Resource Files</Filter>
    </Image>
    <Image Include="Images\18.png">
      <Filter>Resource Files</Filter>
    </Image>
    <Image Include="Images\19.png">
      <Filter>Resource Files</Filter>
    </Image>
    <Image Include="Images\20.png">
      <Filter>Resource Files</Filter>
    </Image>
    <Image Include="Images\21.png">
      <Filter>Resource Files</Filter>
    </Image>
    <Image Include="Images\22.png">
      <Filter>Resource Files</Filter>
    </Image>
    <Image Include="Images\23.png">
      <Filter>Resource Files</Filter>
    </Image>
    <Image Include="Images\24.png">
      <Filter>Resource Files</Filter>
    </Image>
    <Image Include="Images\25.png">
      <Filter>Resource Files</Filter>
    </Image>
    <Image Include="Images\26.png">
      <Filter>Resource Files</Filter>
    </Image>
    <Image Include="Images\27.png">
      <Filter>Resource Files</Filter>
    </Image>
    <Image Include="Images\28.png">
      <Filter>Resource Files</Filter>
    </Image>
    <Image Include="Images\29.png">
      <Filter>Resource Files</Filter>
    </Image>
    <Image Include="Images\30.png">
      <Filter>Resource Files</Filter>
    </Image>
    <Image Include="Images\31.png">
      <Filter>Resource Files</Filter>
    </Image>
    <Image Include="Images\32.png">
      <Filter>Resource Files</Filter>
    </Image>
    <Image Include="Images\33.png">
      <Filter>Resource Files</Filter>
    </Image>
    <Image Include="Images\34.png">
      <Filter>Resource Files</Filter>
    </Image>
    <Image Include="Images\35.png">
      <Filter>Resource Files</Filter>
    </Image>
    <Image Include="Images\36.png">
      <Filter>Resource Files</Filter>
    </Image>
    <Image Include="Images\37.png">
      <Filter>Resource Files</Filter>
    </Image>
    <Image Include="Images\38.png">
      <Filter>Resource Files</Filter>
    </Image>
    <Image Include="Images\39.png">
      <Filter>Resource Files</Filter>
    </Image>
    <Image Include="Images\40.png">
      <Filter>Resource Files</Filter>
    </Image>
    <Image Include="Images\41.png">
      <Filter>Resource Files</Filter>
    </Image>
    <Image Include="Images\42.png">
      <Filter>Resource Files</Filter>
    </Image>
    <Image Include="Images\43.png">
      <Filter>Resource Files</Filter>
    </Image>
    <Image Include="Images\44.png">
      <Filter>Resource Files</Filter>
    </Image>
    <Image Include="Images\45.png">
      <Filter>Resource Files</Filter>
    </Image>
    <Image Include="Images\46.png">
      <Filter>Resource Files</Filter>
    </Image>
    <Image Include="Images\47.png">
      <Filter>Resource Files</Filter>
    </Image>
    <Image Include="Images\48.png">
      <Filter>Resource Files</Filter>
    </Image>
    <Image Include="Images\49.png">
      <Filter>Resource Files</Filter>
    </Image>
    <Image Include="Images\50.png">
      <Filter>Resource Files</Filter>
    </Image>
    <Image Include="Images\51.png">
      <Filter>Resource Files</Filter>
    </Image>
    <Image Include="Images\52.png">
      <Filter>Resource Files</Filter>
    </Image>
    <Image Include="Images\b2fv.png">
      <Filter>Resource Files</Filter>
    </Image>
  </ItemGroup>
</Project>